// !$*UTF8*$!
{
	archiveVersion = 1;
	classes = {
	};
	objectVersion = 56;
	objects = {

/* Begin PBXBuildFile section */
		CE6F341A29C88278002C9374 /* AppDelegate.swift in Sources */ = {isa = PBXBuildFile; fileRef = CE6F341929C88278002C9374 /* AppDelegate.swift */; };
		CE6F341C29C88278002C9374 /* SceneDelegate.swift in Sources */ = {isa = PBXBuildFile; fileRef = CE6F341B29C88278002C9374 /* SceneDelegate.swift */; };
		CE6F341E29C88278002C9374 /* ViewController.swift in Sources */ = {isa = PBXBuildFile; fileRef = CE6F341D29C88278002C9374 /* ViewController.swift */; };
		CE6F342129C88278002C9374 /* Main.storyboard in Resources */ = {isa = PBXBuildFile; fileRef = CE6F341F29C88278002C9374 /* Main.storyboard */; };
		CE6F342329C88279002C9374 /* Assets.xcassets in Resources */ = {isa = PBXBuildFile; fileRef = CE6F342229C88279002C9374 /* Assets.xcassets */; };
		CE6F342629C88279002C9374 /* LaunchScreen.storyboard in Resources */ = {isa = PBXBuildFile; fileRef = CE6F342429C88279002C9374 /* LaunchScreen.storyboard */; };
		CE6F343129C88279002C9374 /* imageFeedTests.swift in Sources */ = {isa = PBXBuildFile; fileRef = CE6F343029C88279002C9374 /* imageFeedTests.swift */; };
		CE6F343B29C88279002C9374 /* imageFeedUITests.swift in Sources */ = {isa = PBXBuildFile; fileRef = CE6F343A29C88279002C9374 /* imageFeedUITests.swift */; };
		CE6F343D29C88279002C9374 /* imageFeedUITestsLaunchTests.swift in Sources */ = {isa = PBXBuildFile; fileRef = CE6F343C29C88279002C9374 /* imageFeedUITestsLaunchTests.swift */; };
/* End PBXBuildFile section */

/* Begin PBXContainerItemProxy section */
		CE6F342D29C88279002C9374 /* PBXContainerItemProxy */ = {
			isa = PBXContainerItemProxy;
			containerPortal = CE6F340E29C88278002C9374 /* Project object */;
			proxyType = 1;
			remoteGlobalIDString = CE6F341529C88278002C9374;
			remoteInfo = imageFeed;
		};
		CE6F343729C88279002C9374 /* PBXContainerItemProxy */ = {
			isa = PBXContainerItemProxy;
			containerPortal = CE6F340E29C88278002C9374 /* Project object */;
			proxyType = 1;
			remoteGlobalIDString = CE6F341529C88278002C9374;
			remoteInfo = imageFeed;
		};
/* End PBXContainerItemProxy section */

/* Begin PBXFileReference section */
		CE6F341629C88278002C9374 /* imageFeed.app */ = {isa = PBXFileReference; explicitFileType = wrapper.application; includeInIndex = 0; path = imageFeed.app; sourceTree = BUILT_PRODUCTS_DIR; };
		CE6F341929C88278002C9374 /* AppDelegate.swift */ = {isa = PBXFileReference; lastKnownFileType = sourcecode.swift; path = AppDelegate.swift; sourceTree = "<group>"; };
		CE6F341B29C88278002C9374 /* SceneDelegate.swift */ = {isa = PBXFileReference; lastKnownFileType = sourcecode.swift; path = SceneDelegate.swift; sourceTree = "<group>"; };
		CE6F341D29C88278002C9374 /* ViewController.swift */ = {isa = PBXFileReference; lastKnownFileType = sourcecode.swift; path = ViewController.swift; sourceTree = "<group>"; };
		CE6F342029C88278002C9374 /* Base */ = {isa = PBXFileReference; lastKnownFileType = file.storyboard; name = Base; path = Base.lproj/Main.storyboard; sourceTree = "<group>"; };
		CE6F342229C88279002C9374 /* Assets.xcassets */ = {isa = PBXFileReference; lastKnownFileType = folder.assetcatalog; path = Assets.xcassets; sourceTree = "<group>"; };
		CE6F342529C88279002C9374 /* Base */ = {isa = PBXFileReference; lastKnownFileType = file.storyboard; name = Base; path = Base.lproj/LaunchScreen.storyboard; sourceTree = "<group>"; };
		CE6F342729C88279002C9374 /* Info.plist */ = {isa = PBXFileReference; lastKnownFileType = text.plist.xml; path = Info.plist; sourceTree = "<group>"; };
		CE6F342C29C88279002C9374 /* imageFeedTests.xctest */ = {isa = PBXFileReference; explicitFileType = wrapper.cfbundle; includeInIndex = 0; path = imageFeedTests.xctest; sourceTree = BUILT_PRODUCTS_DIR; };
		CE6F343029C88279002C9374 /* imageFeedTests.swift */ = {isa = PBXFileReference; lastKnownFileType = sourcecode.swift; path = imageFeedTests.swift; sourceTree = "<group>"; };
		CE6F343629C88279002C9374 /* imageFeedUITests.xctest */ = {isa = PBXFileReference; explicitFileType = wrapper.cfbundle; includeInIndex = 0; path = imageFeedUITests.xctest; sourceTree = BUILT_PRODUCTS_DIR; };
		CE6F343A29C88279002C9374 /* imageFeedUITests.swift */ = {isa = PBXFileReference; lastKnownFileType = sourcecode.swift; path = imageFeedUITests.swift; sourceTree = "<group>"; };
		CE6F343C29C88279002C9374 /* imageFeedUITestsLaunchTests.swift */ = {isa = PBXFileReference; lastKnownFileType = sourcecode.swift; path = imageFeedUITestsLaunchTests.swift; sourceTree = "<group>"; };
/* End PBXFileReference section */

/* Begin PBXFrameworksBuildPhase section */
		CE6F341329C88278002C9374 /* Frameworks */ = {
			isa = PBXFrameworksBuildPhase;
			buildActionMask = 2147483647;
			files = (
			);
			runOnlyForDeploymentPostprocessing = 0;
		};
		CE6F342929C88279002C9374 /* Frameworks */ = {
			isa = PBXFrameworksBuildPhase;
			buildActionMask = 2147483647;
			files = (
			);
			runOnlyForDeploymentPostprocessing = 0;
		};
		CE6F343329C88279002C9374 /* Frameworks */ = {
			isa = PBXFrameworksBuildPhase;
			buildActionMask = 2147483647;
			files = (
			);
			runOnlyForDeploymentPostprocessing = 0;
		};
/* End PBXFrameworksBuildPhase section */

/* Begin PBXGroup section */
		CE6F340D29C88278002C9374 = {
			isa = PBXGroup;
			children = (
				CE6F341829C88278002C9374 /* imageFeed */,
				CE6F342F29C88279002C9374 /* imageFeedTests */,
				CE6F343929C88279002C9374 /* imageFeedUITests */,
				CE6F341729C88278002C9374 /* Products */,
			);
			sourceTree = "<group>";
		};
		CE6F341729C88278002C9374 /* Products */ = {
			isa = PBXGroup;
			children = (
				CE6F341629C88278002C9374 /* imageFeed.app */,
				CE6F342C29C88279002C9374 /* imageFeedTests.xctest */,
				CE6F343629C88279002C9374 /* imageFeedUITests.xctest */,
			);
			name = Products;
			sourceTree = "<group>";
		};
		CE6F341829C88278002C9374 /* imageFeed */ = {
			isa = PBXGroup;
			children = (
				CE6F341929C88278002C9374 /* AppDelegate.swift */,
				CE6F341B29C88278002C9374 /* SceneDelegate.swift */,
				CE6F341D29C88278002C9374 /* ViewController.swift */,
				CE6F341F29C88278002C9374 /* Main.storyboard */,
				CE6F342229C88279002C9374 /* Assets.xcassets */,
				CE6F342429C88279002C9374 /* LaunchScreen.storyboard */,
				CE6F342729C88279002C9374 /* Info.plist */,
			);
			path = imageFeed;
			sourceTree = "<group>";
		};
		CE6F342F29C88279002C9374 /* imageFeedTests */ = {
			isa = PBXGroup;
			children = (
				CE6F343029C88279002C9374 /* imageFeedTests.swift */,
			);
			path = imageFeedTests;
			sourceTree = "<group>";
		};
		CE6F343929C88279002C9374 /* imageFeedUITests */ = {
			isa = PBXGroup;
			children = (
				CE6F343A29C88279002C9374 /* imageFeedUITests.swift */,
				CE6F343C29C88279002C9374 /* imageFeedUITestsLaunchTests.swift */,
			);
			path = imageFeedUITests;
			sourceTree = "<group>";
		};
/* End PBXGroup section */

/* Begin PBXNativeTarget section */
		CE6F341529C88278002C9374 /* imageFeed */ = {
			isa = PBXNativeTarget;
			buildConfigurationList = CE6F344029C88279002C9374 /* Build configuration list for PBXNativeTarget "imageFeed" */;
			buildPhases = (
				CE6F341229C88278002C9374 /* Sources */,
				CE6F341329C88278002C9374 /* Frameworks */,
				CE6F341429C88278002C9374 /* Resources */,
			);
			buildRules = (
			);
			dependencies = (
			);
			name = imageFeed;
			productName = imageFeed;
			productReference = CE6F341629C88278002C9374 /* imageFeed.app */;
			productType = "com.apple.product-type.application";
		};
		CE6F342B29C88279002C9374 /* imageFeedTests */ = {
			isa = PBXNativeTarget;
			buildConfigurationList = CE6F344329C88279002C9374 /* Build configuration list for PBXNativeTarget "imageFeedTests" */;
			buildPhases = (
				CE6F342829C88279002C9374 /* Sources */,
				CE6F342929C88279002C9374 /* Frameworks */,
				CE6F342A29C88279002C9374 /* Resources */,
			);
			buildRules = (
			);
			dependencies = (
				CE6F342E29C88279002C9374 /* PBXTargetDependency */,
			);
			name = imageFeedTests;
			productName = imageFeedTests;
			productReference = CE6F342C29C88279002C9374 /* imageFeedTests.xctest */;
			productType = "com.apple.product-type.bundle.unit-test";
		};
		CE6F343529C88279002C9374 /* imageFeedUITests */ = {
			isa = PBXNativeTarget;
			buildConfigurationList = CE6F344629C88279002C9374 /* Build configuration list for PBXNativeTarget "imageFeedUITests" */;
			buildPhases = (
				CE6F343229C88279002C9374 /* Sources */,
				CE6F343329C88279002C9374 /* Frameworks */,
				CE6F343429C88279002C9374 /* Resources */,
			);
			buildRules = (
			);
			dependencies = (
				CE6F343829C88279002C9374 /* PBXTargetDependency */,
			);
			name = imageFeedUITests;
			productName = imageFeedUITests;
			productReference = CE6F343629C88279002C9374 /* imageFeedUITests.xctest */;
			productType = "com.apple.product-type.bundle.ui-testing";
		};
/* End PBXNativeTarget section */

/* Begin PBXProject section */
		CE6F340E29C88278002C9374 /* Project object */ = {
			isa = PBXProject;
			attributes = {
				BuildIndependentTargetsInParallel = 1;
				LastSwiftUpdateCheck = 1420;
				LastUpgradeCheck = 1420;
				TargetAttributes = {
					CE6F341529C88278002C9374 = {
						CreatedOnToolsVersion = 14.2;
					};
					CE6F342B29C88279002C9374 = {
						CreatedOnToolsVersion = 14.2;
						TestTargetID = CE6F341529C88278002C9374;
					};
					CE6F343529C88279002C9374 = {
						CreatedOnToolsVersion = 14.2;
						TestTargetID = CE6F341529C88278002C9374;
					};
				};
			};
			buildConfigurationList = CE6F341129C88278002C9374 /* Build configuration list for PBXProject "imageFeed" */;
			compatibilityVersion = "Xcode 14.0";
			developmentRegion = en;
			hasScannedForEncodings = 0;
			knownRegions = (
				en,
				Base,
			);
			mainGroup = CE6F340D29C88278002C9374;
			productRefGroup = CE6F341729C88278002C9374 /* Products */;
			projectDirPath = "";
			projectRoot = "";
			targets = (
				CE6F341529C88278002C9374 /* imageFeed */,
				CE6F342B29C88279002C9374 /* imageFeedTests */,
				CE6F343529C88279002C9374 /* imageFeedUITests */,
			);
		};
/* End PBXProject section */

/* Begin PBXResourcesBuildPhase section */
		CE6F341429C88278002C9374 /* Resources */ = {
			isa = PBXResourcesBuildPhase;
			buildActionMask = 2147483647;
			files = (
				CE6F342629C88279002C9374 /* LaunchScreen.storyboard in Resources */,
				CE6F342329C88279002C9374 /* Assets.xcassets in Resources */,
				CE6F342129C88278002C9374 /* Main.storyboard in Resources */,
			);
			runOnlyForDeploymentPostprocessing = 0;
		};
		CE6F342A29C88279002C9374 /* Resources */ = {
			isa = PBXResourcesBuildPhase;
			buildActionMask = 2147483647;
			files = (
			);
			runOnlyForDeploymentPostprocessing = 0;
		};
		CE6F343429C88279002C9374 /* Resources */ = {
			isa = PBXResourcesBuildPhase;
			buildActionMask = 2147483647;
			files = (
			);
			runOnlyForDeploymentPostprocessing = 0;
		};
/* End PBXResourcesBuildPhase section */

/* Begin PBXSourcesBuildPhase section */
		CE6F341229C88278002C9374 /* Sources */ = {
			isa = PBXSourcesBuildPhase;
			buildActionMask = 2147483647;
			files = (
				CE6F341E29C88278002C9374 /* ViewController.swift in Sources */,
				CE6F341A29C88278002C9374 /* AppDelegate.swift in Sources */,
				CE6F341C29C88278002C9374 /* SceneDelegate.swift in Sources */,
			);
			runOnlyForDeploymentPostprocessing = 0;
		};
		CE6F342829C88279002C9374 /* Sources */ = {
			isa = PBXSourcesBuildPhase;
			buildActionMask = 2147483647;
			files = (
				CE6F343129C88279002C9374 /* imageFeedTests.swift in Sources */,
			);
			runOnlyForDeploymentPostprocessing = 0;
		};
		CE6F343229C88279002C9374 /* Sources */ = {
			isa = PBXSourcesBuildPhase;
			buildActionMask = 2147483647;
			files = (
				CE6F343D29C88279002C9374 /* imageFeedUITestsLaunchTests.swift in Sources */,
				CE6F343B29C88279002C9374 /* imageFeedUITests.swift in Sources */,
			);
			runOnlyForDeploymentPostprocessing = 0;
		};
/* End PBXSourcesBuildPhase section */

/* Begin PBXTargetDependency section */
		CE6F342E29C88279002C9374 /* PBXTargetDependency */ = {
			isa = PBXTargetDependency;
			target = CE6F341529C88278002C9374 /* imageFeed */;
			targetProxy = CE6F342D29C88279002C9374 /* PBXContainerItemProxy */;
		};
		CE6F343829C88279002C9374 /* PBXTargetDependency */ = {
			isa = PBXTargetDependency;
			target = CE6F341529C88278002C9374 /* imageFeed */;
			targetProxy = CE6F343729C88279002C9374 /* PBXContainerItemProxy */;
		};
/* End PBXTargetDependency section */

/* Begin PBXVariantGroup section */
		CE6F341F29C88278002C9374 /* Main.storyboard */ = {
			isa = PBXVariantGroup;
			children = (
				CE6F342029C88278002C9374 /* Base */,
			);
			name = Main.storyboard;
			sourceTree = "<group>";
		};
		CE6F342429C88279002C9374 /* LaunchScreen.storyboard */ = {
			isa = PBXVariantGroup;
			children = (
				CE6F342529C88279002C9374 /* Base */,
			);
			name = LaunchScreen.storyboard;
			sourceTree = "<group>";
		};
/* End PBXVariantGroup section */

/* Begin XCBuildConfiguration section */
		CE6F343E29C88279002C9374 /* Debug */ = {
			isa = XCBuildConfiguration;
			buildSettings = {
				ALWAYS_SEARCH_USER_PATHS = NO;
				CLANG_ANALYZER_NONNULL = YES;
				CLANG_ANALYZER_NUMBER_OBJECT_CONVERSION = YES_AGGRESSIVE;
				CLANG_CXX_LANGUAGE_STANDARD = "gnu++20";
				CLANG_ENABLE_MODULES = YES;
				CLANG_ENABLE_OBJC_ARC = YES;
				CLANG_ENABLE_OBJC_WEAK = YES;
				CLANG_WARN_BLOCK_CAPTURE_AUTORELEASING = YES;
				CLANG_WARN_BOOL_CONVERSION = YES;
				CLANG_WARN_COMMA = YES;
				CLANG_WARN_CONSTANT_CONVERSION = YES;
				CLANG_WARN_DEPRECATED_OBJC_IMPLEMENTATIONS = YES;
				CLANG_WARN_DIRECT_OBJC_ISA_USAGE = YES_ERROR;
				CLANG_WARN_DOCUMENTATION_COMMENTS = YES;
				CLANG_WARN_EMPTY_BODY = YES;
				CLANG_WARN_ENUM_CONVERSION = YES;
				CLANG_WARN_INFINITE_RECURSION = YES;
				CLANG_WARN_INT_CONVERSION = YES;
				CLANG_WARN_NON_LITERAL_NULL_CONVERSION = YES;
				CLANG_WARN_OBJC_IMPLICIT_RETAIN_SELF = YES;
				CLANG_WARN_OBJC_LITERAL_CONVERSION = YES;
				CLANG_WARN_OBJC_ROOT_CLASS = YES_ERROR;
				CLANG_WARN_QUOTED_INCLUDE_IN_FRAMEWORK_HEADER = YES;
				CLANG_WARN_RANGE_LOOP_ANALYSIS = YES;
				CLANG_WARN_STRICT_PROTOTYPES = YES;
				CLANG_WARN_SUSPICIOUS_MOVE = YES;
				CLANG_WARN_UNGUARDED_AVAILABILITY = YES_AGGRESSIVE;
				CLANG_WARN_UNREACHABLE_CODE = YES;
				CLANG_WARN__DUPLICATE_METHOD_MATCH = YES;
				COPY_PHASE_STRIP = NO;
				DEBUG_INFORMATION_FORMAT = dwarf;
				ENABLE_STRICT_OBJC_MSGSEND = YES;
				ENABLE_TESTABILITY = YES;
				GCC_C_LANGUAGE_STANDARD = gnu11;
				GCC_DYNAMIC_NO_PIC = NO;
				GCC_NO_COMMON_BLOCKS = YES;
				GCC_OPTIMIZATION_LEVEL = 0;
				GCC_PREPROCESSOR_DEFINITIONS = (
					"DEBUG=1",
					"$(inherited)",
				);
				GCC_WARN_64_TO_32_BIT_CONVERSION = YES;
				GCC_WARN_ABOUT_RETURN_TYPE = YES_ERROR;
				GCC_WARN_UNDECLARED_SELECTOR = YES;
				GCC_WARN_UNINITIALIZED_AUTOS = YES_AGGRESSIVE;
				GCC_WARN_UNUSED_FUNCTION = YES;
				GCC_WARN_UNUSED_VARIABLE = YES;
				IPHONEOS_DEPLOYMENT_TARGET = 16.2;
				MTL_ENABLE_DEBUG_INFO = INCLUDE_SOURCE;
				MTL_FAST_MATH = YES;
				ONLY_ACTIVE_ARCH = YES;
				SDKROOT = iphoneos;
				SWIFT_ACTIVE_COMPILATION_CONDITIONS = DEBUG;
				SWIFT_OPTIMIZATION_LEVEL = "-Onone";
			};
			name = Debug;
		};
		CE6F343F29C88279002C9374 /* Release */ = {
			isa = XCBuildConfiguration;
			buildSettings = {
				ALWAYS_SEARCH_USER_PATHS = NO;
				CLANG_ANALYZER_NONNULL = YES;
				CLANG_ANALYZER_NUMBER_OBJECT_CONVERSION = YES_AGGRESSIVE;
				CLANG_CXX_LANGUAGE_STANDARD = "gnu++20";
				CLANG_ENABLE_MODULES = YES;
				CLANG_ENABLE_OBJC_ARC = YES;
				CLANG_ENABLE_OBJC_WEAK = YES;
				CLANG_WARN_BLOCK_CAPTURE_AUTORELEASING = YES;
				CLANG_WARN_BOOL_CONVERSION = YES;
				CLANG_WARN_COMMA = YES;
				CLANG_WARN_CONSTANT_CONVERSION = YES;
				CLANG_WARN_DEPRECATED_OBJC_IMPLEMENTATIONS = YES;
				CLANG_WARN_DIRECT_OBJC_ISA_USAGE = YES_ERROR;
				CLANG_WARN_DOCUMENTATION_COMMENTS = YES;
				CLANG_WARN_EMPTY_BODY = YES;
				CLANG_WARN_ENUM_CONVERSION = YES;
				CLANG_WARN_INFINITE_RECURSION = YES;
				CLANG_WARN_INT_CONVERSION = YES;
				CLANG_WARN_NON_LITERAL_NULL_CONVERSION = YES;
				CLANG_WARN_OBJC_IMPLICIT_RETAIN_SELF = YES;
				CLANG_WARN_OBJC_LITERAL_CONVERSION = YES;
				CLANG_WARN_OBJC_ROOT_CLASS = YES_ERROR;
				CLANG_WARN_QUOTED_INCLUDE_IN_FRAMEWORK_HEADER = YES;
				CLANG_WARN_RANGE_LOOP_ANALYSIS = YES;
				CLANG_WARN_STRICT_PROTOTYPES = YES;
				CLANG_WARN_SUSPICIOUS_MOVE = YES;
				CLANG_WARN_UNGUARDED_AVAILABILITY = YES_AGGRESSIVE;
				CLANG_WARN_UNREACHABLE_CODE = YES;
				CLANG_WARN__DUPLICATE_METHOD_MATCH = YES;
				COPY_PHASE_STRIP = NO;
				DEBUG_INFORMATION_FORMAT = "dwarf-with-dsym";
				ENABLE_NS_ASSERTIONS = NO;
				ENABLE_STRICT_OBJC_MSGSEND = YES;
				GCC_C_LANGUAGE_STANDARD = gnu11;
				GCC_NO_COMMON_BLOCKS = YES;
				GCC_WARN_64_TO_32_BIT_CONVERSION = YES;
				GCC_WARN_ABOUT_RETURN_TYPE = YES_ERROR;
				GCC_WARN_UNDECLARED_SELECTOR = YES;
				GCC_WARN_UNINITIALIZED_AUTOS = YES_AGGRESSIVE;
				GCC_WARN_UNUSED_FUNCTION = YES;
				GCC_WARN_UNUSED_VARIABLE = YES;
				IPHONEOS_DEPLOYMENT_TARGET = 16.2;
				MTL_ENABLE_DEBUG_INFO = NO;
				MTL_FAST_MATH = YES;
				SDKROOT = iphoneos;
				SWIFT_COMPILATION_MODE = wholemodule;
				SWIFT_OPTIMIZATION_LEVEL = "-O";
				VALIDATE_PRODUCT = YES;
			};
			name = Release;
		};
		CE6F344129C88279002C9374 /* Debug */ = {
			isa = XCBuildConfiguration;
			buildSettings = {
				ASSETCATALOG_COMPILER_APPICON_NAME = AppIcon;
				ASSETCATALOG_COMPILER_GLOBAL_ACCENT_COLOR_NAME = AccentColor;
				CODE_SIGN_STYLE = Automatic;
				CURRENT_PROJECT_VERSION = 1;
				DEVELOPMENT_TEAM = AGF888USR7;
				GENERATE_INFOPLIST_FILE = YES;
				INFOPLIST_FILE = imageFeed/Info.plist;
				INFOPLIST_KEY_UIApplicationSupportsIndirectInputEvents = YES;
				INFOPLIST_KEY_UILaunchStoryboardName = LaunchScreen;
				INFOPLIST_KEY_UIMainStoryboardFile = Main;
				INFOPLIST_KEY_UISupportedInterfaceOrientations_iPad = "UIInterfaceOrientationPortrait UIInterfaceOrientationPortraitUpsideDown UIInterfaceOrientationLandscapeLeft UIInterfaceOrientationLandscapeRight";
				INFOPLIST_KEY_UISupportedInterfaceOrientations_iPhone = "UIInterfaceOrientationPortrait UIInterfaceOrientationLandscapeLeft UIInterfaceOrientationLandscapeRight";
				IPHONEOS_DEPLOYMENT_TARGET = 13.0;
				LD_RUNPATH_SEARCH_PATHS = (
					"$(inherited)",
					"@executable_path/Frameworks",
				);
				MARKETING_VERSION = 1.0;
				PRODUCT_BUNDLE_IDENTIFIER = ru.yandex.practicum.imageFeed;
				PRODUCT_NAME = "$(TARGET_NAME)";
				SUPPORTED_PLATFORMS = "iphoneos iphonesimulator";
				SUPPORTS_MACCATALYST = NO;
				SUPPORTS_MAC_DESIGNED_FOR_IPHONE_IPAD = YES;
				SWIFT_EMIT_LOC_STRINGS = YES;
				SWIFT_VERSION = 5.0;
				TARGETED_DEVICE_FAMILY = 1;
			};
			name = Debug;
		};
		CE6F344229C88279002C9374 /* Release */ = {
			isa = XCBuildConfiguration;
			buildSettings = {
				ASSETCATALOG_COMPILER_APPICON_NAME = AppIcon;
				ASSETCATALOG_COMPILER_GLOBAL_ACCENT_COLOR_NAME = AccentColor;
				CODE_SIGN_STYLE = Automatic;
				CURRENT_PROJECT_VERSION = 1;
				DEVELOPMENT_TEAM = AGF888USR7;
				GENERATE_INFOPLIST_FILE = YES;
				INFOPLIST_FILE = imageFeed/Info.plist;
				INFOPLIST_KEY_UIApplicationSupportsIndirectInputEvents = YES;
				INFOPLIST_KEY_UILaunchStoryboardName = LaunchScreen;
				INFOPLIST_KEY_UIMainStoryboardFile = Main;
				INFOPLIST_KEY_UISupportedInterfaceOrientations_iPad = "UIInterfaceOrientationPortrait UIInterfaceOrientationPortraitUpsideDown UIInterfaceOrientationLandscapeLeft UIInterfaceOrientationLandscapeRight";
				INFOPLIST_KEY_UISupportedInterfaceOrientations_iPhone = "UIInterfaceOrientationPortrait UIInterfaceOrientationLandscapeLeft UIInterfaceOrientationLandscapeRight";
				IPHONEOS_DEPLOYMENT_TARGET = 13.0;
				LD_RUNPATH_SEARCH_PATHS = (
					"$(inherited)",
					"@executable_path/Frameworks",
				);
				MARKETING_VERSION = 1.0;
				PRODUCT_BUNDLE_IDENTIFIER = ru.yandex.practicum.imageFeed;
				PRODUCT_NAME = "$(TARGET_NAME)";
				SUPPORTED_PLATFORMS = "iphoneos iphonesimulator";
				SUPPORTS_MACCATALYST = NO;
				SUPPORTS_MAC_DESIGNED_FOR_IPHONE_IPAD = YES;
				SWIFT_EMIT_LOC_STRINGS = YES;
				SWIFT_VERSION = 5.0;
				TARGETED_DEVICE_FAMILY = 1;
			};
			name = Release;
		};
		CE6F344429C88279002C9374 /* Debug */ = {
			isa = XCBuildConfiguration;
			buildSettings = {
				ALWAYS_EMBED_SWIFT_STANDARD_LIBRARIES = YES;
				BUNDLE_LOADER = "$(TEST_HOST)";
				CODE_SIGN_STYLE = Automatic;
				CURRENT_PROJECT_VERSION = 1;
				DEVELOPMENT_TEAM = AGF888USR7;
				GENERATE_INFOPLIST_FILE = YES;
				IPHONEOS_DEPLOYMENT_TARGET = 16.2;
				MARKETING_VERSION = 1.0;
				PRODUCT_BUNDLE_IDENTIFIER = ru.yandex.practicum.imageFeedTests;
				PRODUCT_NAME = "$(TARGET_NAME)";
				SWIFT_EMIT_LOC_STRINGS = NO;
				SWIFT_VERSION = 5.0;
				TARGETED_DEVICE_FAMILY = "1,2";
				TEST_HOST = "$(BUILT_PRODUCTS_DIR)/imageFeed.app/$(BUNDLE_EXECUTABLE_FOLDER_PATH)/imageFeed";
			};
			name = Debug;
		};
		CE6F344529C88279002C9374 /* Release */ = {
			isa = XCBuildConfiguration;
			buildSettings = {
				ALWAYS_EMBED_SWIFT_STANDARD_LIBRARIES = YES;
				BUNDLE_LOADER = "$(TEST_HOST)";
				CODE_SIGN_STYLE = Automatic;
				CURRENT_PROJECT_VERSION = 1;
				DEVELOPMENT_TEAM = AGF888USR7;
				GENERATE_INFOPLIST_FILE = YES;
				IPHONEOS_DEPLOYMENT_TARGET = 16.2;
				MARKETING_VERSION = 1.0;
				PRODUCT_BUNDLE_IDENTIFIER = ru.yandex.practicum.imageFeedTests;
				PRODUCT_NAME = "$(TARGET_NAME)";
				SWIFT_EMIT_LOC_STRINGS = NO;
				SWIFT_VERSION = 5.0;
				TARGETED_DEVICE_FAMILY = "1,2";
				TEST_HOST = "$(BUILT_PRODUCTS_DIR)/imageFeed.app/$(BUNDLE_EXECUTABLE_FOLDER_PATH)/imageFeed";
			};
			name = Release;
		};
		CE6F344729C88279002C9374 /* Debug */ = {
			isa = XCBuildConfiguration;
			buildSettings = {
				ALWAYS_EMBED_SWIFT_STANDARD_LIBRARIES = YES;
				CODE_SIGN_STYLE = Automatic;
				CURRENT_PROJECT_VERSION = 1;
				DEVELOPMENT_TEAM = AGF888USR7;
				GENERATE_INFOPLIST_FILE = YES;
				MARKETING_VERSION = 1.0;
				PRODUCT_BUNDLE_IDENTIFIER = ru.yandex.practicum.imageFeedUITests;
				PRODUCT_NAME = "$(TARGET_NAME)";
				SWIFT_EMIT_LOC_STRINGS = NO;
				SWIFT_VERSION = 5.0;
				TARGETED_DEVICE_FAMILY = "1,2";
				TEST_TARGET_NAME = imageFeed;
			};
			name = Debug;
		};
		CE6F344829C88279002C9374 /* Release */ = {
			isa = XCBuildConfiguration;
			buildSettings = {
				ALWAYS_EMBED_SWIFT_STANDARD_LIBRARIES = YES;
				CODE_SIGN_STYLE = Automatic;
				CURRENT_PROJECT_VERSION = 1;
				DEVELOPMENT_TEAM = AGF888USR7;
				GENERATE_INFOPLIST_FILE = YES;
				MARKETING_VERSION = 1.0;
				PRODUCT_BUNDLE_IDENTIFIER = ru.yandex.practicum.imageFeedUITests;
				PRODUCT_NAME = "$(TARGET_NAME)";
				SWIFT_EMIT_LOC_STRINGS = NO;
				SWIFT_VERSION = 5.0;
				TARGETED_DEVICE_FAMILY = "1,2";
				TEST_TARGET_NAME = imageFeed;
			};
			name = Release;
		};
/* End XCBuildConfiguration section */

/* Begin XCConfigurationList section */
		CE6F341129C88278002C9374 /* Build configuration list for PBXProject "imageFeed" */ = {
			isa = XCConfigurationList;
			buildConfigurations = (
				CE6F343E29C88279002C9374 /* Debug */,
				CE6F343F29C88279002C9374 /* Release */,
			);
			defaultConfigurationIsVisible = 0;
			defaultConfigurationName = Release;
		};
		CE6F344029C88279002C9374 /* Build configuration list for PBXNativeTarget "imageFeed" */ = {
			isa = XCConfigurationList;
			buildConfigurations = (
				CE6F344129C88279002C9374 /* Debug */,
				CE6F344229C88279002C9374 /* Release */,
			);
			defaultConfigurationIsVisible = 0;
			defaultConfigurationName = Release;
		};
		CE6F344329C88279002C9374 /* Build configuration list for PBXNativeTarget "imageFeedTests" */ = {
			isa = XCConfigurationList;
			buildConfigurations = (
				CE6F344429C88279002C9374 /* Debug */,
				CE6F344529C88279002C9374 /* Release */,
			);
			defaultConfigurationIsVisible = 0;
			defaultConfigurationName = Release;
		};
		CE6F344629C88279002C9374 /* Build configuration list for PBXNativeTarget "imageFeedUITests" */ = {
			isa = XCConfigurationList;
			buildConfigurations = (
				CE6F344729C88279002C9374 /* Debug */,
				CE6F344829C88279002C9374 /* Release */,
			);
			defaultConfigurationIsVisible = 0;
			defaultConfigurationName = Release;
		};
/* End XCConfigurationList section */
	};
	rootObject = CE6F340E29C88278002C9374 /* Project object */;
}
